// !$*UTF8*$!
{
	archiveVersion = 1;
	classes = {
	};
	objectVersion = 50;
	objects = {

/* Begin PBXBuildFile section */
		702AA62324D9DEF700497769 /* AppDelegate.swift in Sources */ = {isa = PBXBuildFile; fileRef = 702AA62224D9DEF700497769 /* AppDelegate.swift */; };
		702AA62524D9DEF700497769 /* SceneDelegate.swift in Sources */ = {isa = PBXBuildFile; fileRef = 702AA62424D9DEF700497769 /* SceneDelegate.swift */; };
		702AA62724D9DEF700497769 /* ViewController.swift in Sources */ = {isa = PBXBuildFile; fileRef = 702AA62624D9DEF700497769 /* ViewController.swift */; };
		702AA62A24D9DEF700497769 /* Main.storyboard in Resources */ = {isa = PBXBuildFile; fileRef = 702AA62824D9DEF700497769 /* Main.storyboard */; };
		702AA62C24D9DEFB00497769 /* Assets.xcassets in Resources */ = {isa = PBXBuildFile; fileRef = 702AA62B24D9DEFB00497769 /* Assets.xcassets */; };
		702AA62F24D9DEFB00497769 /* LaunchScreen.storyboard in Resources */ = {isa = PBXBuildFile; fileRef = 702AA62D24D9DEFB00497769 /* LaunchScreen.storyboard */; };
		702AA63A24D9DEFB00497769 /* Table_ViewTests.swift in Sources */ = {isa = PBXBuildFile; fileRef = 702AA63924D9DEFB00497769 /* Table_ViewTests.swift */; };
		702AA64524D9DEFB00497769 /* Table_ViewUITests.swift in Sources */ = {isa = PBXBuildFile; fileRef = 702AA64424D9DEFB00497769 /* Table_ViewUITests.swift */; };
/* End PBXBuildFile section */

/* Begin PBXContainerItemProxy section */
		702AA63624D9DEFB00497769 /* PBXContainerItemProxy */ = {
			isa = PBXContainerItemProxy;
			containerPortal = 702AA61724D9DEF700497769 /* Project object */;
			proxyType = 1;
			remoteGlobalIDString = 702AA61E24D9DEF700497769;
			remoteInfo = "Table View";
		};
		702AA64124D9DEFB00497769 /* PBXContainerItemProxy */ = {
			isa = PBXContainerItemProxy;
			containerPortal = 702AA61724D9DEF700497769 /* Project object */;
			proxyType = 1;
			remoteGlobalIDString = 702AA61E24D9DEF700497769;
			remoteInfo = "Table View";
		};
/* End PBXContainerItemProxy section */

/* Begin PBXFileReference section */
		702AA61F24D9DEF700497769 /* Table View.app */ = {isa = PBXFileReference; explicitFileType = wrapper.application; includeInIndex = 0; path = "Table View.app"; sourceTree = BUILT_PRODUCTS_DIR; };
		702AA62224D9DEF700497769 /* AppDelegate.swift */ = {isa = PBXFileReference; lastKnownFileType = sourcecode.swift; path = AppDelegate.swift; sourceTree = "<group>"; };
		702AA62424D9DEF700497769 /* SceneDelegate.swift */ = {isa = PBXFileReference; lastKnownFileType = sourcecode.swift; path = SceneDelegate.swift; sourceTree = "<group>"; };
		702AA62624D9DEF700497769 /* ViewController.swift */ = {isa = PBXFileReference; lastKnownFileType = sourcecode.swift; path = ViewController.swift; sourceTree = "<group>"; };
		702AA62924D9DEF700497769 /* Base */ = {isa = PBXFileReference; lastKnownFileType = file.storyboard; name = Base; path = Base.lproj/Main.storyboard; sourceTree = "<group>"; };
		702AA62B24D9DEFB00497769 /* Assets.xcassets */ = {isa = PBXFileReference; lastKnownFileType = folder.assetcatalog; path = Assets.xcassets; sourceTree = "<group>"; };
		702AA62E24D9DEFB00497769 /* Base */ = {isa = PBXFileReference; lastKnownFileType = file.storyboard; name = Base; path = Base.lproj/LaunchScreen.storyboard; sourceTree = "<group>"; };
		702AA63024D9DEFB00497769 /* Info.plist */ = {isa = PBXFileReference; lastKnownFileType = text.plist.xml; path = Info.plist; sourceTree = "<group>"; };
		702AA63524D9DEFB00497769 /* Table ViewTests.xctest */ = {isa = PBXFileReference; explicitFileType = wrapper.cfbundle; includeInIndex = 0; path = "Table ViewTests.xctest"; sourceTree = BUILT_PRODUCTS_DIR; };
		702AA63924D9DEFB00497769 /* Table_ViewTests.swift */ = {isa = PBXFileReference; lastKnownFileType = sourcecode.swift; path = Table_ViewTests.swift; sourceTree = "<group>"; };
		702AA63B24D9DEFB00497769 /* Info.plist */ = {isa = PBXFileReference; lastKnownFileType = text.plist.xml; path = Info.plist; sourceTree = "<group>"; };
		702AA64024D9DEFB00497769 /* Table ViewUITests.xctest */ = {isa = PBXFileReference; explicitFileType = wrapper.cfbundle; includeInIndex = 0; path = "Table ViewUITests.xctest"; sourceTree = BUILT_PRODUCTS_DIR; };
		702AA64424D9DEFB00497769 /* Table_ViewUITests.swift */ = {isa = PBXFileReference; lastKnownFileType = sourcecode.swift; path = Table_ViewUITests.swift; sourceTree = "<group>"; };
		702AA64624D9DEFB00497769 /* Info.plist */ = {isa = PBXFileReference; lastKnownFileType = text.plist.xml; path = Info.plist; sourceTree = "<group>"; };
/* End PBXFileReference section */

/* Begin PBXFrameworksBuildPhase section */
		702AA61C24D9DEF700497769 /* Frameworks */ = {
			isa = PBXFrameworksBuildPhase;
			buildActionMask = 2147483647;
			files = (
			);
			runOnlyForDeploymentPostprocessing = 0;
		};
		702AA63224D9DEFB00497769 /* Frameworks */ = {
			isa = PBXFrameworksBuildPhase;
			buildActionMask = 2147483647;
			files = (
			);
			runOnlyForDeploymentPostprocessing = 0;
		};
		702AA63D24D9DEFB00497769 /* Frameworks */ = {
			isa = PBXFrameworksBuildPhase;
			buildActionMask = 2147483647;
			files = (
			);
			runOnlyForDeploymentPostprocessing = 0;
		};
/* End PBXFrameworksBuildPhase section */

/* Begin PBXGroup section */
		702AA61624D9DEF700497769 = {
			isa = PBXGroup;
			children = (
				702AA62124D9DEF700497769 /* Table View */,
				702AA63824D9DEFB00497769 /* Table ViewTests */,
				702AA64324D9DEFB00497769 /* Table ViewUITests */,
				702AA62024D9DEF700497769 /* Products */,
			);
			sourceTree = "<group>";
		};
		702AA62024D9DEF700497769 /* Products */ = {
			isa = PBXGroup;
			children = (
				702AA61F24D9DEF700497769 /* Table View.app */,
				702AA63524D9DEFB00497769 /* Table ViewTests.xctest */,
				702AA64024D9DEFB00497769 /* Table ViewUITests.xctest */,
			);
			name = Products;
			sourceTree = "<group>";
		};
		702AA62124D9DEF700497769 /* Table View */ = {
			isa = PBXGroup;
			children = (
				702AA62224D9DEF700497769 /* AppDelegate.swift */,
				702AA62424D9DEF700497769 /* SceneDelegate.swift */,
				702AA62624D9DEF700497769 /* ViewController.swift */,
				702AA62824D9DEF700497769 /* Main.storyboard */,
				702AA62B24D9DEFB00497769 /* Assets.xcassets */,
				702AA62D24D9DEFB00497769 /* LaunchScreen.storyboard */,
				702AA63024D9DEFB00497769 /* Info.plist */,
			);
			path = "Table View";
			sourceTree = "<group>";
		};
		702AA63824D9DEFB00497769 /* Table ViewTests */ = {
			isa = PBXGroup;
			children = (
				702AA63924D9DEFB00497769 /* Table_ViewTests.swift */,
				702AA63B24D9DEFB00497769 /* Info.plist */,
			);
			path = "Table ViewTests";
			sourceTree = "<group>";
		};
		702AA64324D9DEFB00497769 /* Table ViewUITests */ = {
			isa = PBXGroup;
			children = (
				702AA64424D9DEFB00497769 /* Table_ViewUITests.swift */,
				702AA64624D9DEFB00497769 /* Info.plist */,
			);
			path = "Table ViewUITests";
			sourceTree = "<group>";
		};
/* End PBXGroup section */

/* Begin PBXNativeTarget section */
		702AA61E24D9DEF700497769 /* Table View */ = {
			isa = PBXNativeTarget;
			buildConfigurationList = 702AA64924D9DEFB00497769 /* Build configuration list for PBXNativeTarget "Table View" */;
			buildPhases = (
				702AA61B24D9DEF700497769 /* Sources */,
				702AA61C24D9DEF700497769 /* Frameworks */,
				702AA61D24D9DEF700497769 /* Resources */,
			);
			buildRules = (
			);
			dependencies = (
			);
			name = "Table View";
			productName = "Table View";
			productReference = 702AA61F24D9DEF700497769 /* Table View.app */;
			productType = "com.apple.product-type.application";
		};
		702AA63424D9DEFB00497769 /* Table ViewTests */ = {
			isa = PBXNativeTarget;
			buildConfigurationList = 702AA64C24D9DEFB00497769 /* Build configuration list for PBXNativeTarget "Table ViewTests" */;
			buildPhases = (
				702AA63124D9DEFB00497769 /* Sources */,
				702AA63224D9DEFB00497769 /* Frameworks */,
				702AA63324D9DEFB00497769 /* Resources */,
			);
			buildRules = (
			);
			dependencies = (
				702AA63724D9DEFB00497769 /* PBXTargetDependency */,
			);
			name = "Table ViewTests";
			productName = "Table ViewTests";
			productReference = 702AA63524D9DEFB00497769 /* Table ViewTests.xctest */;
			productType = "com.apple.product-type.bundle.unit-test";
		};
		702AA63F24D9DEFB00497769 /* Table ViewUITests */ = {
			isa = PBXNativeTarget;
			buildConfigurationList = 702AA64F24D9DEFB00497769 /* Build configuration list for PBXNativeTarget "Table ViewUITests" */;
			buildPhases = (
				702AA63C24D9DEFB00497769 /* Sources */,
				702AA63D24D9DEFB00497769 /* Frameworks */,
				702AA63E24D9DEFB00497769 /* Resources */,
			);
			buildRules = (
			);
			dependencies = (
				702AA64224D9DEFB00497769 /* PBXTargetDependency */,
			);
			name = "Table ViewUITests";
			productName = "Table ViewUITests";
			productReference = 702AA64024D9DEFB00497769 /* Table ViewUITests.xctest */;
			productType = "com.apple.product-type.bundle.ui-testing";
		};
/* End PBXNativeTarget section */

/* Begin PBXProject section */
		702AA61724D9DEF700497769 /* Project object */ = {
			isa = PBXProject;
			attributes = {
				LastSwiftUpdateCheck = 1150;
				LastUpgradeCheck = 1150;
				ORGANIZATIONNAME = "Jia Ming Mei";
				TargetAttributes = {
					702AA61E24D9DEF700497769 = {
						CreatedOnToolsVersion = 11.5;
					};
					702AA63424D9DEFB00497769 = {
						CreatedOnToolsVersion = 11.5;
						TestTargetID = 702AA61E24D9DEF700497769;
					};
					702AA63F24D9DEFB00497769 = {
						CreatedOnToolsVersion = 11.5;
						TestTargetID = 702AA61E24D9DEF700497769;
					};
				};
			};
			buildConfigurationList = 702AA61A24D9DEF700497769 /* Build configuration list for PBXProject "Table View" */;
			compatibilityVersion = "Xcode 9.3";
			developmentRegion = en;
			hasScannedForEncodings = 0;
			knownRegions = (
				en,
				Base,
			);
			mainGroup = 702AA61624D9DEF700497769;
			productRefGroup = 702AA62024D9DEF700497769 /* Products */;
			projectDirPath = "";
			projectRoot = "";
			targets = (
				702AA61E24D9DEF700497769 /* Table View */,
				702AA63424D9DEFB00497769 /* Table ViewTests */,
				702AA63F24D9DEFB00497769 /* Table ViewUITests */,
			);
		};
/* End PBXProject section */

/* Begin PBXResourcesBuildPhase section */
		702AA61D24D9DEF700497769 /* Resources */ = {
			isa = PBXResourcesBuildPhase;
			buildActionMask = 2147483647;
			files = (
				702AA62F24D9DEFB00497769 /* LaunchScreen.storyboard in Resources */,
				702AA62C24D9DEFB00497769 /* Assets.xcassets in Resources */,
				702AA62A24D9DEF700497769 /* Main.storyboard in Resources */,
			);
			runOnlyForDeploymentPostprocessing = 0;
		};
		702AA63324D9DEFB00497769 /* Resources */ = {
			isa = PBXResourcesBuildPhase;
			buildActionMask = 2147483647;
			files = (
			);
			runOnlyForDeploymentPostprocessing = 0;
		};
		702AA63E24D9DEFB00497769 /* Resources */ = {
			isa = PBXResourcesBuildPhase;
			buildActionMask = 2147483647;
			files = (
			);
			runOnlyForDeploymentPostprocessing = 0;
		};
/* End PBXResourcesBuildPhase section */

/* Begin PBXSourcesBuildPhase section */
		702AA61B24D9DEF700497769 /* Sources */ = {
			isa = PBXSourcesBuildPhase;
			buildActionMask = 2147483647;
			files = (
				702AA62724D9DEF700497769 /* ViewController.swift in Sources */,
				702AA62324D9DEF700497769 /* AppDelegate.swift in Sources */,
				702AA62524D9DEF700497769 /* SceneDelegate.swift in Sources */,
			);
			runOnlyForDeploymentPostprocessing = 0;
		};
		702AA63124D9DEFB00497769 /* Sources */ = {
			isa = PBXSourcesBuildPhase;
			buildActionMask = 2147483647;
			files = (
				702AA63A24D9DEFB00497769 /* Table_ViewTests.swift in Sources */,
			);
			runOnlyForDeploymentPostprocessing = 0;
		};
		702AA63C24D9DEFB00497769 /* Sources */ = {
			isa = PBXSourcesBuildPhase;
			buildActionMask = 2147483647;
			files = (
				702AA64524D9DEFB00497769 /* Table_ViewUITests.swift in Sources */,
			);
			runOnlyForDeploymentPostprocessing = 0;
		};
/* End PBXSourcesBuildPhase section */

/* Begin PBXTargetDependency section */
		702AA63724D9DEFB00497769 /* PBXTargetDependency */ = {
			isa = PBXTargetDependency;
			target = 702AA61E24D9DEF700497769 /* Table View */;
			targetProxy = 702AA63624D9DEFB00497769 /* PBXContainerItemProxy */;
		};
		702AA64224D9DEFB00497769 /* PBXTargetDependency */ = {
			isa = PBXTargetDependency;
			target = 702AA61E24D9DEF700497769 /* Table View */;
			targetProxy = 702AA64124D9DEFB00497769 /* PBXContainerItemProxy */;
		};
/* End PBXTargetDependency section */

/* Begin PBXVariantGroup section */
		702AA62824D9DEF700497769 /* Main.storyboard */ = {
			isa = PBXVariantGroup;
			children = (
				702AA62924D9DEF700497769 /* Base */,
			);
			name = Main.storyboard;
			sourceTree = "<group>";
		};
		702AA62D24D9DEFB00497769 /* LaunchScreen.storyboard */ = {
			isa = PBXVariantGroup;
			children = (
				702AA62E24D9DEFB00497769 /* Base */,
			);
			name = LaunchScreen.storyboard;
			sourceTree = "<group>";
		};
/* End PBXVariantGroup section */

/* Begin XCBuildConfiguration section */
		702AA64724D9DEFB00497769 /* Debug */ = {
			isa = XCBuildConfiguration;
			buildSettings = {
				ALWAYS_SEARCH_USER_PATHS = NO;
				CLANG_ANALYZER_NONNULL = YES;
				CLANG_ANALYZER_NUMBER_OBJECT_CONVERSION = YES_AGGRESSIVE;
				CLANG_CXX_LANGUAGE_STANDARD = "gnu++14";
				CLANG_CXX_LIBRARY = "libc++";
				CLANG_ENABLE_MODULES = YES;
				CLANG_ENABLE_OBJC_ARC = YES;
				CLANG_ENABLE_OBJC_WEAK = YES;
				CLANG_WARN_BLOCK_CAPTURE_AUTORELEASING = YES;
				CLANG_WARN_BOOL_CONVERSION = YES;
				CLANG_WARN_COMMA = YES;
				CLANG_WARN_CONSTANT_CONVERSION = YES;
				CLANG_WARN_DEPRECATED_OBJC_IMPLEMENTATIONS = YES;
				CLANG_WARN_DIRECT_OBJC_ISA_USAGE = YES_ERROR;
				CLANG_WARN_DOCUMENTATION_COMMENTS = YES;
				CLANG_WARN_EMPTY_BODY = YES;
				CLANG_WARN_ENUM_CONVERSION = YES;
				CLANG_WARN_INFINITE_RECURSION = YES;
				CLANG_WARN_INT_CONVERSION = YES;
				CLANG_WARN_NON_LITERAL_NULL_CONVERSION = YES;
				CLANG_WARN_OBJC_IMPLICIT_RETAIN_SELF = YES;
				CLANG_WARN_OBJC_LITERAL_CONVERSION = YES;
				CLANG_WARN_OBJC_ROOT_CLASS = YES_ERROR;
				CLANG_WARN_RANGE_LOOP_ANALYSIS = YES;
				CLANG_WARN_STRICT_PROTOTYPES = YES;
				CLANG_WARN_SUSPICIOUS_MOVE = YES;
				CLANG_WARN_UNGUARDED_AVAILABILITY = YES_AGGRESSIVE;
				CLANG_WARN_UNREACHABLE_CODE = YES;
				CLANG_WARN__DUPLICATE_METHOD_MATCH = YES;
				COPY_PHASE_STRIP = NO;
				DEBUG_INFORMATION_FORMAT = dwarf;
				ENABLE_STRICT_OBJC_MSGSEND = YES;
				ENABLE_TESTABILITY = YES;
				GCC_C_LANGUAGE_STANDARD = gnu11;
				GCC_DYNAMIC_NO_PIC = NO;
				GCC_NO_COMMON_BLOCKS = YES;
				GCC_OPTIMIZATION_LEVEL = 0;
				GCC_PREPROCESSOR_DEFINITIONS = (
					"DEBUG=1",
					"$(inherited)",
				);
				GCC_WARN_64_TO_32_BIT_CONVERSION = YES;
				GCC_WARN_ABOUT_RETURN_TYPE = YES_ERROR;
				GCC_WARN_UNDECLARED_SELECTOR = YES;
				GCC_WARN_UNINITIALIZED_AUTOS = YES_AGGRESSIVE;
				GCC_WARN_UNUSED_FUNCTION = YES;
				GCC_WARN_UNUSED_VARIABLE = YES;
				IPHONEOS_DEPLOYMENT_TARGET = 13.5;
				MTL_ENABLE_DEBUG_INFO = INCLUDE_SOURCE;
				MTL_FAST_MATH = YES;
				ONLY_ACTIVE_ARCH = YES;
				SDKROOT = iphoneos;
				SWIFT_ACTIVE_COMPILATION_CONDITIONS = DEBUG;
				SWIFT_OPTIMIZATION_LEVEL = "-Onone";
			};
			name = Debug;
		};
		702AA64824D9DEFB00497769 /* Release */ = {
			isa = XCBuildConfiguration;
			buildSettings = {
				ALWAYS_SEARCH_USER_PATHS = NO;
				CLANG_ANALYZER_NONNULL = YES;
				CLANG_ANALYZER_NUMBER_OBJECT_CONVERSION = YES_AGGRESSIVE;
				CLANG_CXX_LANGUAGE_STANDARD = "gnu++14";
				CLANG_CXX_LIBRARY = "libc++";
				CLANG_ENABLE_MODULES = YES;
				CLANG_ENABLE_OBJC_ARC = YES;
				CLANG_ENABLE_OBJC_WEAK = YES;
				CLANG_WARN_BLOCK_CAPTURE_AUTORELEASING = YES;
				CLANG_WARN_BOOL_CONVERSION = YES;
				CLANG_WARN_COMMA = YES;
				CLANG_WARN_CONSTANT_CONVERSION = YES;
				CLANG_WARN_DEPRECATED_OBJC_IMPLEMENTATIONS = YES;
				CLANG_WARN_DIRECT_OBJC_ISA_USAGE = YES_ERROR;
				CLANG_WARN_DOCUMENTATION_COMMENTS = YES;
				CLANG_WARN_EMPTY_BODY = YES;
				CLANG_WARN_ENUM_CONVERSION = YES;
				CLANG_WARN_INFINITE_RECURSION = YES;
				CLANG_WARN_INT_CONVERSION = YES;
				CLANG_WARN_NON_LITERAL_NULL_CONVERSION = YES;
				CLANG_WARN_OBJC_IMPLICIT_RETAIN_SELF = YES;
				CLANG_WARN_OBJC_LITERAL_CONVERSION = YES;
				CLANG_WARN_OBJC_ROOT_CLASS = YES_ERROR;
				CLANG_WARN_RANGE_LOOP_ANALYSIS = YES;
				CLANG_WARN_STRICT_PROTOTYPES = YES;
				CLANG_WARN_SUSPICIOUS_MOVE = YES;
				CLANG_WARN_UNGUARDED_AVAILABILITY = YES_AGGRESSIVE;
				CLANG_WARN_UNREACHABLE_CODE = YES;
				CLANG_WARN__DUPLICATE_METHOD_MATCH = YES;
				COPY_PHASE_STRIP = NO;
				DEBUG_INFORMATION_FORMAT = "dwarf-with-dsym";
				ENABLE_NS_ASSERTIONS = NO;
				ENABLE_STRICT_OBJC_MSGSEND = YES;
				GCC_C_LANGUAGE_STANDARD = gnu11;
				GCC_NO_COMMON_BLOCKS = YES;
				GCC_WARN_64_TO_32_BIT_CONVERSION = YES;
				GCC_WARN_ABOUT_RETURN_TYPE = YES_ERROR;
				GCC_WARN_UNDECLARED_SELECTOR = YES;
				GCC_WARN_UNINITIALIZED_AUTOS = YES_AGGRESSIVE;
				GCC_WARN_UNUSED_FUNCTION = YES;
				GCC_WARN_UNUSED_VARIABLE = YES;
				IPHONEOS_DEPLOYMENT_TARGET = 13.5;
				MTL_ENABLE_DEBUG_INFO = NO;
				MTL_FAST_MATH = YES;
				SDKROOT = iphoneos;
				SWIFT_COMPILATION_MODE = wholemodule;
				SWIFT_OPTIMIZATION_LEVEL = "-O";
				VALIDATE_PRODUCT = YES;
			};
			name = Release;
		};
		702AA64A24D9DEFB00497769 /* Debug */ = {
			isa = XCBuildConfiguration;
			buildSettings = {
				ASSETCATALOG_COMPILER_APPICON_NAME = AppIcon;
				CODE_SIGN_STYLE = Automatic;
				INFOPLIST_FILE = "Table View/Info.plist";
				LD_RUNPATH_SEARCH_PATHS = (
					"$(inherited)",
					"@executable_path/Frameworks",
				);
				PRODUCT_BUNDLE_IDENTIFIER = "com.Table-View";
				PRODUCT_NAME = "$(TARGET_NAME)";
				SWIFT_VERSION = 5.0;
				TARGETED_DEVICE_FAMILY = "1,2";
			};
			name = Debug;
		};
		702AA64B24D9DEFB00497769 /* Release */ = {
			isa = XCBuildConfiguration;
			buildSettings = {
				ASSETCATALOG_COMPILER_APPICON_NAME = AppIcon;
				CODE_SIGN_STYLE = Automatic;
				INFOPLIST_FILE = "Table View/Info.plist";
				LD_RUNPATH_SEARCH_PATHS = (
					"$(inherited)",
					"@executable_path/Frameworks",
				);
				PRODUCT_BUNDLE_IDENTIFIER = "com.Table-View";
				PRODUCT_NAME = "$(TARGET_NAME)";
				SWIFT_VERSION = 5.0;
				TARGETED_DEVICE_FAMILY = "1,2";
			};
			name = Release;
		};
		702AA64D24D9DEFB00497769 /* Debug */ = {
			isa = XCBuildConfiguration;
			buildSettings = {
				ALWAYS_EMBED_SWIFT_STANDARD_LIBRARIES = YES;
				BUNDLE_LOADER = "$(TEST_HOST)";
				CODE_SIGN_STYLE = Automatic;
				INFOPLIST_FILE = "Table ViewTests/Info.plist";
				IPHONEOS_DEPLOYMENT_TARGET = 13.5;
				LD_RUNPATH_SEARCH_PATHS = (
					"$(inherited)",
					"@executable_path/Frameworks",
					"@loader_path/Frameworks",
				);
				PRODUCT_BUNDLE_IDENTIFIER = "com.Table-ViewTests";
				PRODUCT_NAME = "$(TARGET_NAME)";
				SWIFT_VERSION = 5.0;
				TARGETED_DEVICE_FAMILY = "1,2";
				TEST_HOST = "$(BUILT_PRODUCTS_DIR)/Table View.app/Table View";
			};
			name = Debug;
		};
		702AA64E24D9DEFB00497769 /* Release */ = {
			isa = XCBuildConfiguration;
			buildSettings = {
				ALWAYS_EMBED_SWIFT_STANDARD_LIBRARIES = YES;
				BUNDLE_LOADER = "$(TEST_HOST)";
				CODE_SIGN_STYLE = Automatic;
				INFOPLIST_FILE = "Table ViewTests/Info.plist";
				IPHONEOS_DEPLOYMENT_TARGET = 13.5;
				LD_RUNPATH_SEARCH_PATHS = (
					"$(inherited)",
					"@executable_path/Frameworks",
					"@loader_path/Frameworks",
				);
				PRODUCT_BUNDLE_IDENTIFIER = "com.Table-ViewTests";
				PRODUCT_NAME = "$(TARGET_NAME)";
				SWIFT_VERSION = 5.0;
				TARGETED_DEVICE_FAMILY = "1,2";
				TEST_HOST = "$(BUILT_PRODUCTS_DIR)/Table View.app/Table View";
			};
			name = Release;
		};
		702AA65024D9DEFB00497769 /* Debug */ = {
			isa = XCBuildConfiguration;
			buildSettings = {
				ALWAYS_EMBED_SWIFT_STANDARD_LIBRARIES = YES;
				CODE_SIGN_STYLE = Automatic;
				INFOPLIST_FILE = "Table ViewUITests/Info.plist";
				LD_RUNPATH_SEARCH_PATHS = (
					"$(inherited)",
					"@executable_path/Frameworks",
					"@loader_path/Frameworks",
				);
				PRODUCT_BUNDLE_IDENTIFIER = "com.Table-ViewUITests";
				PRODUCT_NAME = "$(TARGET_NAME)";
				SWIFT_VERSION = 5.0;
				TARGETED_DEVICE_FAMILY = "1,2";
				TEST_TARGET_NAME = "Table View";
			};
			name = Debug;
		};
		702AA65124D9DEFB00497769 /* Release */ = {
			isa = XCBuildConfiguration;
			buildSettings = {
				ALWAYS_EMBED_SWIFT_STANDARD_LIBRARIES = YES;
				CODE_SIGN_STYLE = Automatic;
				INFOPLIST_FILE = "Table ViewUITests/Info.plist";
				LD_RUNPATH_SEARCH_PATHS = (
					"$(inherited)",
					"@executable_path/Frameworks",
					"@loader_path/Frameworks",
				);
				PRODUCT_BUNDLE_IDENTIFIER = "com.Table-ViewUITests";
				PRODUCT_NAME = "$(TARGET_NAME)";
				SWIFT_VERSION = 5.0;
				TARGETED_DEVICE_FAMILY = "1,2";
				TEST_TARGET_NAME = "Table View";
			};
			name = Release;
		};
/* End XCBuildConfiguration section */

/* Begin XCConfigurationList section */
		702AA61A24D9DEF700497769 /* Build configuration list for PBXProject "Table View" */ = {
			isa = XCConfigurationList;
			buildConfigurations = (
				702AA64724D9DEFB00497769 /* Debug */,
				702AA64824D9DEFB00497769 /* Release */,
			);
			defaultConfigurationIsVisible = 0;
			defaultConfigurationName = Release;
		};
		702AA64924D9DEFB00497769 /* Build configuration list for PBXNativeTarget "Table View" */ = {
			isa = XCConfigurationList;
			buildConfigurations = (
				702AA64A24D9DEFB00497769 /* Debug */,
				702AA64B24D9DEFB00497769 /* Release */,
			);
			defaultConfigurationIsVisible = 0;
			defaultConfigurationName = Release;
		};
		702AA64C24D9DEFB00497769 /* Build configuration list for PBXNativeTarget "Table ViewTests" */ = {
			isa = XCConfigurationList;
			buildConfigurations = (
				702AA64D24D9DEFB00497769 /* Debug */,
				702AA64E24D9DEFB00497769 /* Release */,
			);
			defaultConfigurationIsVisible = 0;
			defaultConfigurationName = Release;
		};
		702AA64F24D9DEFB00497769 /* Build configuration list for PBXNativeTarget "Table ViewUITests" */ = {
			isa = XCConfigurationList;
			buildConfigurations = (
				702AA65024D9DEFB00497769 /* Debug */,
				702AA65124D9DEFB00497769 /* Release */,
			);
			defaultConfigurationIsVisible = 0;
			defaultConfigurationName = Release;
		};
/* End XCConfigurationList section */
	};
	rootObject = 702AA61724D9DEF700497769 /* Project object */;
}
